<?xml version="1.0" encoding="UTF-8" standalone="yes" ?>
<CodeBlocks_project_file>
	<FileVersion major="1" minor="6" />
	<Project>
		<Option title="Data Structures" />
		<Option pch_mode="2" />
		<Option compiler="gcc" />
		<Build>
			<Target title="Debug">
				<Option output="bin/Debug/Data Structures" prefix_auto="1" extension_auto="1" />
				<Option object_output="obj/Debug/" />
				<Option type="1" />
				<Option compiler="gcc" />
				<Compiler>
					<Add option="-g" />
				</Compiler>
			</Target>
			<Target title="Release">
				<Option output="bin/Release/Data Structures" prefix_auto="1" extension_auto="1" />
				<Option object_output="obj/Release/" />
				<Option type="1" />
				<Option compiler="gcc" />
				<Compiler>
					<Add option="-O2" />
				</Compiler>
				<Linker>
					<Add option="-s" />
				</Linker>
			</Target>
		</Build>
		<Compiler>
			<Add option="-Wall" />
			<Add option="-fexceptions" />
		</Compiler>
		<Unit filename="main.cpp" />
		<Unit filename="src ds-a/closest-points-in-a-plane.h" />
		<Unit filename="src ds-a/convex-hull.h" />
		<Unit filename="src ds-a/disjoint-set-union.h" />
		<Unit filename="src ds-a/expression-evaluation.h" />
		<Unit filename="src ds-a/fenwick-tree.h" />
		<Unit filename="src ds-a/graph-dfs-bfs.h" />
		<Unit filename="src ds-a/graph-topological-sort.h" />
		<Unit filename="src ds-a/longest-common-subsequence.h" />
		<Unit filename="src ds-a/majority-element.h" />
		<Unit filename="src ds-a/maximum-bipartite-graph-matching.h" />
		<Unit filename="src ds-a/maximum-subarray-sum.h" />
		<Unit filename="src ds-a/minimum-spanning-tree-kruskal.h" />
		<Unit filename="src ds-a/range-minimum-query.h" />
		<Unit filename="src ds-a/segment-tree-min-max.h" />
		<Unit filename="src ds-a/shortest-path-bellman-ford.h" />
		<Unit filename="src ds-a/shortest-path-dijkstra.h" />
		<Unit filename="src ds-a/string-matching-rabin-karp.h" />
		<Unit filename="src ds-a/strongly-connected-components-kosaraju.h" />
		<Unit filename="src ds-a/tree-diameter.h" />
		<Extensions>
			<code_completion />
			<envvars />
			<debugger />
		</Extensions>
	</Project>
</CodeBlocks_project_file>
